
Microsoft Visual Studio Solution File, Format Version 12.00
# Visual Studio Version 17
VisualStudioVersion = 17.8.34330.188
MinimumVisualStudioVersion = 10.0.40219.1
Project("{9A19103F-16F7-4668-BE54-9A1E7A4F7556}") = "RadzenTest", "RadzenTest\RadzenTest.csproj", "{415C209A-1F48-4E20-81CB-6EB4BBED0DE5}"
EndProject
Global
	GlobalSection(SolutionConfigurationPlatforms) = preSolution
		Debug|Any CPU = Debug|Any CPU
		Release|Any CPU = Release|Any CPU
	EndGlobalSection
	GlobalSection(ProjectConfigurationPlatforms) = postSolution
		{415C209A-1F48-4E20-81CB-6EB4BBED0DE5}.Debug|Any CPU.ActiveCfg = Debug|Any CPU
		{415C209A-1F48-4E20-81CB-6EB4BBED0DE5}.Debug|Any CPU.Build.0 = Debug|Any CPU
		{415C209A-1F48-4E20-81CB-6EB4BBED0DE5}.Release|Any CPU.ActiveCfg = Release|Any CPU
		{415C209A-1F48-4E20-81CB-6EB4BBED0DE5}.Release|Any CPU.Build.0 = Release|Any CPU
	EndGlobalSection
	GlobalSection(SolutionProperties) = preSolution
		HideSolutionNode = FALSE
	EndGlobalSection
	GlobalSection(ExtensibilityGlobals) = postSolution
		SolutionGuid = {2AF966A8-57F0-4121-AD01-D91C0A21B05C}
	EndGlobalSection
EndGlobal
